// !$*UTF8*$!
{
	archiveVersion = 1;
	classes = {
	};
	objectVersion = 56;
	objects = {

/* Begin PBXBuildFile section */
		0B935C8AC16C4F618BB3E0E9 /* InstalledCore.swift in Sources */ = {isa = PBXBuildFile; fileRef = DDE1AB8023C742CD8BFE811C /* InstalledCore.swift */; };
		191247D5CD7B431597F7226F /* CoreManagerViewModelTests.swift in Sources */ = {isa = PBXBuildFile; fileRef = D1899F5C88574D5FA6679A90 /* CoreManagerViewModelTests.swift */; };
		1BA1258D756A4259B64F02CE /* JSONDecoder+Pocket.swift in Sources */ = {isa = PBXBuildFile; fileRef = B67AD397814F446AA2F6A991 /* JSONDecoder+Pocket.swift */; };
		3121FCA9965D4AD4BE4C0C6D /* GitHubService.swift in Sources */ = {isa = PBXBuildFile; fileRef = C9B5F3BF01524BE09E10B328 /* GitHubService.swift */; };
		3187C7B222844D5598046106 /* CatalogCoreRowView.swift in Sources */ = {isa = PBXBuildFile; fileRef = 0EC598F5703E4D10B4FC350B /* CatalogCoreRowView.swift */; };
		340AD9622C3B0EB800EBE31A /* DeviceOverviewView.swift in Sources */ = {isa = PBXBuildFile; fileRef = 340AD9612C3B0EB800EBE31A /* DeviceOverviewView.swift */; };
		3415FA022CB5B6CD00503072 /* GamesOverviewView.swift in Sources */ = {isa = PBXBuildFile; fileRef = 3415FA012CB5B6CD00503072 /* GamesOverviewView.swift */; };
		3415FA042CB5B6D800503072 /* Game.swift in Sources */ = {isa = PBXBuildFile; fileRef = 3415FA032CB5B6D800503072 /* Game.swift */; };
		3415FA082CB5C21A00503072 /* GameOverviewWrapperView.swift in Sources */ = {isa = PBXBuildFile; fileRef = 3415FA072CB5C21A00503072 /* GameOverviewWrapperView.swift */; };
		3427F63F2CB2B0BA00F28FB1 /* DeviceView.swift in Sources */ = {isa = PBXBuildFile; fileRef = 3427F63E2CB2B0BA00F28FB1 /* DeviceView.swift */; };
		343FAC1B2C3C5B14007A3C77 /* SystemsOverviewView.swift in Sources */ = {isa = PBXBuildFile; fileRef = 343FAC1A2C3C5B14007A3C77 /* SystemsOverviewView.swift */; };
		343FAC1F2C3C5DCC007A3C77 /* Platform.swift in Sources */ = {isa = PBXBuildFile; fileRef = 343FAC1E2C3C5DCC007A3C77 /* Platform.swift */; };
		343FAC212C3C5FE9007A3C77 /* SystemSelectView.swift in Sources */ = {isa = PBXBuildFile; fileRef = 343FAC202C3C5FE9007A3C77 /* SystemSelectView.swift */; };
		346A17B02C3872A700B429FB /* PocketApp.swift in Sources */ = {isa = PBXBuildFile; fileRef = 346A17AF2C3872A700B429FB /* PocketApp.swift */; };
		346A17B22C3872A700B429FB /* ContentView.swift in Sources */ = {isa = PBXBuildFile; fileRef = 346A17B12C3872A700B429FB /* ContentView.swift */; };
		346A17B42C3872A700B429FB /* Item.swift in Sources */ = {isa = PBXBuildFile; fileRef = 346A17B32C3872A700B429FB /* Item.swift */; };
		346A17B62C3872A800B429FB /* Assets.xcassets in Resources */ = {isa = PBXBuildFile; fileRef = 346A17B52C3872A800B429FB /* Assets.xcassets */; };
		346A17B92C3872A800B429FB /* Preview Assets.xcassets in Resources */ = {isa = PBXBuildFile; fileRef = 346A17B82C3872A800B429FB /* Preview Assets.xcassets */; };
		346A17C42C3872A800B429FB /* PocketTests.swift in Sources */ = {isa = PBXBuildFile; fileRef = 346A17C32C3872A800B429FB /* PocketTests.swift */; };
		346A17CE2C3872A800B429FB /* PocketUITests.swift in Sources */ = {isa = PBXBuildFile; fileRef = 346A17CD2C3872A800B429FB /* PocketUITests.swift */; };
		346A17D02C3872A800B429FB /* PocketUITestsLaunchTests.swift in Sources */ = {isa = PBXBuildFile; fileRef = 346A17CF2C3872A800B429FB /* PocketUITestsLaunchTests.swift */; };
		346A17DF2C38733900B429FB /* DeviceContext.swift in Sources */ = {isa = PBXBuildFile; fileRef = 346A17DE2C38733900B429FB /* DeviceContext.swift */; };
		346A17E32C387DDF00B429FB /* DeviceInfo.swift in Sources */ = {isa = PBXBuildFile; fileRef = 346A17E22C387DDF00B429FB /* DeviceInfo.swift */; };
		346A17E52C38807D00B429FB /* JsonReader.swift in Sources */ = {isa = PBXBuildFile; fileRef = 346A17E42C38807D00B429FB /* JsonReader.swift */; };
		346A17E72C38809100B429FB /* DeviceUtils.swift in Sources */ = {isa = PBXBuildFile; fileRef = 346A17E62C38809100B429FB /* DeviceUtils.swift */; };
		346A17E92C3880B200B429FB /* FilesystemUtils.swift in Sources */ = {isa = PBXBuildFile; fileRef = 346A17E82C3880B200B429FB /* FilesystemUtils.swift */; };
		34A35B9B2CB45889001EFEAB /* StringExtensions.swift in Sources */ = {isa = PBXBuildFile; fileRef = 34A35B9A2CB45889001EFEAB /* StringExtensions.swift */; };
		34A35B9D2CB45A41001EFEAB /* CoreListItemView.swift in Sources */ = {isa = PBXBuildFile; fileRef = 34A35B9C2CB45A41001EFEAB /* CoreListItemView.swift */; };
		34A35B9F2CB45B33001EFEAB /* DateExtensions.swift in Sources */ = {isa = PBXBuildFile; fileRef = 34A35B9E2CB45B33001EFEAB /* DateExtensions.swift */; };
		34B18CA92CB2F169008D89B4 /* CoreInfo.swift in Sources */ = {isa = PBXBuildFile; fileRef = 34B18CA82CB2F169008D89B4 /* CoreInfo.swift */; };
		34B18CAB2CB2F539008D89B4 /* CoreListView.swift in Sources */ = {isa = PBXBuildFile; fileRef = 34B18CAA2CB2F539008D89B4 /* CoreListView.swift */; };
		4AF208A6071748289A7C6F8B /* CoreManagerView.swift in Sources */ = {isa = PBXBuildFile; fileRef = 16267CA7C3DA4F2BAA768BFA /* CoreManagerView.swift */; };
		4E08410E3C71FB20BD2D15F9 /* ROMTransferService.swift in Sources */ = {isa = PBXBuildFile; fileRef = 69FA85D61E8F0BE0883E8FB4 /* ROMTransferService.swift */; };
		556B35E191C44068BC03468C /* CoreDetailViewModel.swift in Sources */ = {isa = PBXBuildFile; fileRef = 27729DB9E20C44F59A14D16F /* CoreDetailViewModel.swift */; };
		5939607E69724ADF8C449ED2 /* CoreDetailView.swift in Sources */ = {isa = PBXBuildFile; fileRef = 1F991FBC1C2D4B48A9DE1C3D /* CoreDetailView.swift */; };
		5CC1255084934EA69172D4B4 /* NoDeviceView.swift in Sources */ = {isa = PBXBuildFile; fileRef = 9997F3AA67C7498C85563723 /* NoDeviceView.swift */; };
		5F37A2A5020A4408A8F1B28A /* DeviceMonitor.swift in Sources */ = {isa = PBXBuildFile; fileRef = 860894A2871A4514B8FB3AE1 /* DeviceMonitor.swift */; };
		60EC87FB1D174CACBD7FCB5A /* CoreManagerError.swift in Sources */ = {isa = PBXBuildFile; fileRef = 44CFDC1A30EC40A6896DEF69 /* CoreManagerError.swift */; };
		70318342CC9043FB9206F932 /* CatalogCache.swift in Sources */ = {isa = PBXBuildFile; fileRef = 22E7A9D2A4A44425B5C93208 /* CatalogCache.swift */; };
		837A6DF8587C4117A5167C5F /* CatalogFetcher.swift in Sources */ = {isa = PBXBuildFile; fileRef = 8296F01E78BE4D2E9B48A6E5 /* CatalogFetcher.swift */; };
		867AD99AE4504E189962ECD3 /* VersionComparisonTests.swift in Sources */ = {isa = PBXBuildFile; fileRef = 956B8744DB5247EE989212C9 /* VersionComparisonTests.swift */; };
		8D437AA96C72454595131281 /* NetworkService.swift in Sources */ = {isa = PBXBuildFile; fileRef = 9D748182B49B4D0FBEEC6819 /* NetworkService.swift */; };
		91697089309544228F265FB1 /* CatalogCore.swift in Sources */ = {isa = PBXBuildFile; fileRef = 562EC903F5E348DDAB573FC9 /* CatalogCore.swift */; };
		94E20DEF28CA4F158729302A /* CoreInstaller.swift in Sources */ = {isa = PBXBuildFile; fileRef = A3622A06DCB6467499F52EA4 /* CoreInstaller.swift */; };
		9BF7E2B1DCF044908D00D766 /* GitHubRelease.swift in Sources */ = {isa = PBXBuildFile; fileRef = 08B9AC81FF4F46E4B95D51C3 /* GitHubRelease.swift */; };
		9EA5B50A19624203976BE618 /* VersionComparator.swift in Sources */ = {isa = PBXBuildFile; fileRef = F724ED63D38740CC9C98B6DE /* VersionComparator.swift */; };
		A0E5193E9A2D45EAB24FC343 /* CoreRemovalTests.swift in Sources */ = {isa = PBXBuildFile; fileRef = 554FDB058CD744BFA43D9259 /* CoreRemovalTests.swift */; };
		A27EBC3B5B16CC65C8535E12 /* PlatformPickerView.swift in Sources */ = {isa = PBXBuildFile; fileRef = B49B480F1B61B68E62B7AD8E /* PlatformPickerView.swift */; };
		A53EE80DDF4BFA894B131662 /* ROMTransferServiceTests.swift in Sources */ = {isa = PBXBuildFile; fileRef = B7616147D7C2AA37656AF92C /* ROMTransferServiceTests.swift */; };
		AA001122334455667788BB01 /* SaveState.swift in Sources */ = {isa = PBXBuildFile; fileRef = AA001122334455667788AA01 /* SaveState.swift */; };
		AA001122334455667788BB02 /* MemoryService.swift in Sources */ = {isa = PBXBuildFile; fileRef = AA001122334455667788AA02 /* MemoryService.swift */; };
		AA001122334455667788BB03 /* MemoriesView.swift in Sources */ = {isa = PBXBuildFile; fileRef = AA001122334455667788AA03 /* MemoriesView.swift */; };
		AA001122334455667788BB04 /* MemoriesOverviewWrapperView.swift in Sources */ = {isa = PBXBuildFile; fileRef = AA001122334455667788AA04 /* MemoriesOverviewWrapperView.swift */; };
		CE3B4B5BE2E14AC4814E1DB4 /* GitHubReleaseFetcher.swift in Sources */ = {isa = PBXBuildFile; fileRef = 7F1B1EA9524E4E93AC58BF9A /* GitHubReleaseFetcher.swift */; };
		CE991F87768A41BD88D7B75E /* CatalogCacheTests.swift in Sources */ = {isa = PBXBuildFile; fileRef = 3A2B003E919F4F5A85D2EC18 /* CatalogCacheTests.swift */; };
		ED56B67FDFFA4FB69F45A290 /* CoreManagerViewModel.swift in Sources */ = {isa = PBXBuildFile; fileRef = 6F1959463AC14A14BB8BBE48 /* CoreManagerViewModel.swift */; };
		FC5648C96C3805141BEC4F11 /* FirmwareService.swift in Sources */ = {isa = PBXBuildFile; fileRef = A8E7BC6457410BE668DE0665 /* FirmwareService.swift */; };
/* End PBXBuildFile section */

/* Begin PBXContainerItemProxy section */
		346A17C02C3872A800B429FB /* PBXContainerItemProxy */ = {
			isa = PBXContainerItemProxy;
			containerPortal = 346A17A42C3872A700B429FB /* Project object */;
			proxyType = 1;
			remoteGlobalIDString = 346A17AB2C3872A700B429FB;
			remoteInfo = Pocket;
		};
		346A17CA2C3872A800B429FB /* PBXContainerItemProxy */ = {
			isa = PBXContainerItemProxy;
			containerPortal = 346A17A42C3872A700B429FB /* Project object */;
			proxyType = 1;
			remoteGlobalIDString = 346A17AB2C3872A700B429FB;
			remoteInfo = Pocket;
		};
/* End PBXContainerItemProxy section */

/* Begin PBXFileReference section */
		08B9AC81FF4F46E4B95D51C3 /* GitHubRelease.swift */ = {isa = PBXFileReference; lastKnownFileType = sourcecode.swift; path = GitHubRelease.swift; sourceTree = "<group>"; };
		0EC598F5703E4D10B4FC350B /* CatalogCoreRowView.swift */ = {isa = PBXFileReference; lastKnownFileType = sourcecode.swift; path = CatalogCoreRowView.swift; sourceTree = "<group>"; };
		16267CA7C3DA4F2BAA768BFA /* CoreManagerView.swift */ = {isa = PBXFileReference; lastKnownFileType = sourcecode.swift; path = CoreManagerView.swift; sourceTree = "<group>"; };
		1F991FBC1C2D4B48A9DE1C3D /* CoreDetailView.swift */ = {isa = PBXFileReference; lastKnownFileType = sourcecode.swift; path = CoreDetailView.swift; sourceTree = "<group>"; };
		22E7A9D2A4A44425B5C93208 /* CatalogCache.swift */ = {isa = PBXFileReference; lastKnownFileType = sourcecode.swift; path = CatalogCache.swift; sourceTree = "<group>"; };
		27729DB9E20C44F59A14D16F /* CoreDetailViewModel.swift */ = {isa = PBXFileReference; lastKnownFileType = sourcecode.swift; path = CoreDetailViewModel.swift; sourceTree = "<group>"; };
		340AD9612C3B0EB800EBE31A /* DeviceOverviewView.swift */ = {isa = PBXFileReference; lastKnownFileType = sourcecode.swift; path = DeviceOverviewView.swift; sourceTree = "<group>"; };
		3415FA012CB5B6CD00503072 /* GamesOverviewView.swift */ = {isa = PBXFileReference; lastKnownFileType = sourcecode.swift; path = GamesOverviewView.swift; sourceTree = "<group>"; };
		3415FA032CB5B6D800503072 /* Game.swift */ = {isa = PBXFileReference; lastKnownFileType = sourcecode.swift; path = Game.swift; sourceTree = "<group>"; };
		3415FA072CB5C21A00503072 /* GameOverviewWrapperView.swift */ = {isa = PBXFileReference; lastKnownFileType = sourcecode.swift; path = GameOverviewWrapperView.swift; sourceTree = "<group>"; };
		3427F63E2CB2B0BA00F28FB1 /* DeviceView.swift */ = {isa = PBXFileReference; lastKnownFileType = sourcecode.swift; path = DeviceView.swift; sourceTree = "<group>"; };
		343FAC1A2C3C5B14007A3C77 /* SystemsOverviewView.swift */ = {isa = PBXFileReference; lastKnownFileType = sourcecode.swift; path = SystemsOverviewView.swift; sourceTree = "<group>"; };
		343FAC1E2C3C5DCC007A3C77 /* Platform.swift */ = {isa = PBXFileReference; lastKnownFileType = sourcecode.swift; path = Platform.swift; sourceTree = "<group>"; };
		343FAC202C3C5FE9007A3C77 /* SystemSelectView.swift */ = {isa = PBXFileReference; lastKnownFileType = sourcecode.swift; path = SystemSelectView.swift; sourceTree = "<group>"; };
		346A17AC2C3872A700B429FB /* PocketLink.app */ = {isa = PBXFileReference; explicitFileType = wrapper.application; includeInIndex = 0; path = PocketLink.app; sourceTree = BUILT_PRODUCTS_DIR; };
		346A17AF2C3872A700B429FB /* PocketApp.swift */ = {isa = PBXFileReference; lastKnownFileType = sourcecode.swift; path = PocketApp.swift; sourceTree = "<group>"; };
		346A17B12C3872A700B429FB /* ContentView.swift */ = {isa = PBXFileReference; lastKnownFileType = sourcecode.swift; path = ContentView.swift; sourceTree = "<group>"; };
		346A17B32C3872A700B429FB /* Item.swift */ = {isa = PBXFileReference; lastKnownFileType = sourcecode.swift; path = Item.swift; sourceTree = "<group>"; };
		346A17B52C3872A800B429FB /* Assets.xcassets */ = {isa = PBXFileReference; lastKnownFileType = folder.assetcatalog; path = Assets.xcassets; sourceTree = "<group>"; };
		346A17B82C3872A800B429FB /* Preview Assets.xcassets */ = {isa = PBXFileReference; lastKnownFileType = folder.assetcatalog; path = "Preview Assets.xcassets"; sourceTree = "<group>"; };
		346A17BA2C3872A800B429FB /* Pocket.entitlements */ = {isa = PBXFileReference; lastKnownFileType = text.plist.entitlements; path = Pocket.entitlements; sourceTree = "<group>"; };
		346A17BF2C3872A800B429FB /* PocketLinkTests.xctest */ = {isa = PBXFileReference; explicitFileType = wrapper.cfbundle; includeInIndex = 0; path = PocketLinkTests.xctest; sourceTree = BUILT_PRODUCTS_DIR; };
		346A17C32C3872A800B429FB /* PocketTests.swift */ = {isa = PBXFileReference; lastKnownFileType = sourcecode.swift; path = PocketTests.swift; sourceTree = "<group>"; };
		346A17C92C3872A800B429FB /* PocketLinkUITests.xctest */ = {isa = PBXFileReference; explicitFileType = wrapper.cfbundle; includeInIndex = 0; path = PocketLinkUITests.xctest; sourceTree = BUILT_PRODUCTS_DIR; };
		346A17CD2C3872A800B429FB /* PocketUITests.swift */ = {isa = PBXFileReference; lastKnownFileType = sourcecode.swift; path = PocketUITests.swift; sourceTree = "<group>"; };
		346A17CF2C3872A800B429FB /* PocketUITestsLaunchTests.swift */ = {isa = PBXFileReference; lastKnownFileType = sourcecode.swift; path = PocketUITestsLaunchTests.swift; sourceTree = "<group>"; };
		346A17DE2C38733900B429FB /* DeviceContext.swift */ = {isa = PBXFileReference; lastKnownFileType = sourcecode.swift; path = DeviceContext.swift; sourceTree = "<group>"; };
		346A17E22C387DDF00B429FB /* DeviceInfo.swift */ = {isa = PBXFileReference; lastKnownFileType = sourcecode.swift; path = DeviceInfo.swift; sourceTree = "<group>"; };
		346A17E42C38807D00B429FB /* JsonReader.swift */ = {isa = PBXFileReference; lastKnownFileType = sourcecode.swift; path = JsonReader.swift; sourceTree = "<group>"; };
		346A17E62C38809100B429FB /* DeviceUtils.swift */ = {isa = PBXFileReference; lastKnownFileType = sourcecode.swift; path = DeviceUtils.swift; sourceTree = "<group>"; };
		346A17E82C3880B200B429FB /* FilesystemUtils.swift */ = {isa = PBXFileReference; lastKnownFileType = sourcecode.swift; path = FilesystemUtils.swift; sourceTree = "<group>"; };
		34A35B9A2CB45889001EFEAB /* StringExtensions.swift */ = {isa = PBXFileReference; lastKnownFileType = sourcecode.swift; path = StringExtensions.swift; sourceTree = "<group>"; };
		34A35B9C2CB45A41001EFEAB /* CoreListItemView.swift */ = {isa = PBXFileReference; lastKnownFileType = sourcecode.swift; path = CoreListItemView.swift; sourceTree = "<group>"; };
		34A35B9E2CB45B33001EFEAB /* DateExtensions.swift */ = {isa = PBXFileReference; lastKnownFileType = sourcecode.swift; path = DateExtensions.swift; sourceTree = "<group>"; };
		34B18CA82CB2F169008D89B4 /* CoreInfo.swift */ = {isa = PBXFileReference; lastKnownFileType = sourcecode.swift; path = CoreInfo.swift; sourceTree = "<group>"; };
		34B18CAA2CB2F539008D89B4 /* CoreListView.swift */ = {isa = PBXFileReference; lastKnownFileType = sourcecode.swift; path = CoreListView.swift; sourceTree = "<group>"; };
		3A2B003E919F4F5A85D2EC18 /* CatalogCacheTests.swift */ = {isa = PBXFileReference; lastKnownFileType = sourcecode.swift; path = CatalogCacheTests.swift; sourceTree = "<group>"; };
		44CFDC1A30EC40A6896DEF69 /* CoreManagerError.swift */ = {isa = PBXFileReference; lastKnownFileType = sourcecode.swift; path = CoreManagerError.swift; sourceTree = "<group>"; };
		554FDB058CD744BFA43D9259 /* CoreRemovalTests.swift */ = {isa = PBXFileReference; lastKnownFileType = sourcecode.swift; path = CoreRemovalTests.swift; sourceTree = "<group>"; };
		562EC903F5E348DDAB573FC9 /* CatalogCore.swift */ = {isa = PBXFileReference; lastKnownFileType = sourcecode.swift; path = CatalogCore.swift; sourceTree = "<group>"; };
		69FA85D61E8F0BE0883E8FB4 /* ROMTransferService.swift */ = {isa = PBXFileReference; lastKnownFileType = sourcecode.swift; path = ROMTransferService.swift; sourceTree = "<group>"; };
		6F1959463AC14A14BB8BBE48 /* CoreManagerViewModel.swift */ = {isa = PBXFileReference; lastKnownFileType = sourcecode.swift; path = CoreManagerViewModel.swift; sourceTree = "<group>"; };
		7F1B1EA9524E4E93AC58BF9A /* GitHubReleaseFetcher.swift */ = {isa = PBXFileReference; lastKnownFileType = sourcecode.swift; path = GitHubReleaseFetcher.swift; sourceTree = "<group>"; };
		8296F01E78BE4D2E9B48A6E5 /* CatalogFetcher.swift */ = {isa = PBXFileReference; lastKnownFileType = sourcecode.swift; path = CatalogFetcher.swift; sourceTree = "<group>"; };
		860894A2871A4514B8FB3AE1 /* DeviceMonitor.swift */ = {isa = PBXFileReference; lastKnownFileType = sourcecode.swift; path = DeviceMonitor.swift; sourceTree = "<group>"; };
		956B8744DB5247EE989212C9 /* VersionComparisonTests.swift */ = {isa = PBXFileReference; lastKnownFileType = sourcecode.swift; path = VersionComparisonTests.swift; sourceTree = "<group>"; };
		9997F3AA67C7498C85563723 /* NoDeviceView.swift */ = {isa = PBXFileReference; lastKnownFileType = sourcecode.swift; path = NoDeviceView.swift; sourceTree = "<group>"; };
		9D748182B49B4D0FBEEC6819 /* NetworkService.swift */ = {isa = PBXFileReference; lastKnownFileType = sourcecode.swift; path = NetworkService.swift; sourceTree = "<group>"; };
		A3622A06DCB6467499F52EA4 /* CoreInstaller.swift */ = {isa = PBXFileReference; lastKnownFileType = sourcecode.swift; path = CoreInstaller.swift; sourceTree = "<group>"; };
		A8E7BC6457410BE668DE0665 /* FirmwareService.swift */ = {isa = PBXFileReference; lastKnownFileType = sourcecode.swift; path = FirmwareService.swift; sourceTree = "<group>"; };
		AA001122334455667788AA01 /* SaveState.swift */ = {isa = PBXFileReference; lastKnownFileType = sourcecode.swift; path = SaveState.swift; sourceTree = "<group>"; };
		AA001122334455667788AA02 /* MemoryService.swift */ = {isa = PBXFileReference; lastKnownFileType = sourcecode.swift; path = MemoryService.swift; sourceTree = "<group>"; };
		AA001122334455667788AA03 /* MemoriesView.swift */ = {isa = PBXFileReference; lastKnownFileType = sourcecode.swift; path = MemoriesView.swift; sourceTree = "<group>"; };
		AA001122334455667788AA04 /* MemoriesOverviewWrapperView.swift */ = {isa = PBXFileReference; lastKnownFileType = sourcecode.swift; path = MemoriesOverviewWrapperView.swift; sourceTree = "<group>"; };
		B49B480F1B61B68E62B7AD8E /* PlatformPickerView.swift */ = {isa = PBXFileReference; lastKnownFileType = sourcecode.swift; path = PlatformPickerView.swift; sourceTree = "<group>"; };
		B67AD397814F446AA2F6A991 /* JSONDecoder+Pocket.swift */ = {isa = PBXFileReference; lastKnownFileType = sourcecode.swift; path = "JSONDecoder+Pocket.swift"; sourceTree = "<group>"; };
		B7616147D7C2AA37656AF92C /* ROMTransferServiceTests.swift */ = {isa = PBXFileReference; lastKnownFileType = sourcecode.swift; path = ROMTransferServiceTests.swift; sourceTree = "<group>"; };
		C9B5F3BF01524BE09E10B328 /* GitHubService.swift */ = {isa = PBXFileReference; lastKnownFileType = sourcecode.swift; path = GitHubService.swift; sourceTree = "<group>"; };
		D1899F5C88574D5FA6679A90 /* CoreManagerViewModelTests.swift */ = {isa = PBXFileReference; lastKnownFileType = sourcecode.swift; path = CoreManagerViewModelTests.swift; sourceTree = "<group>"; };
		DDE1AB8023C742CD8BFE811C /* InstalledCore.swift */ = {isa = PBXFileReference; lastKnownFileType = sourcecode.swift; path = InstalledCore.swift; sourceTree = "<group>"; };
		F724ED63D38740CC9C98B6DE /* VersionComparator.swift */ = {isa = PBXFileReference; lastKnownFileType = sourcecode.swift; path = VersionComparator.swift; sourceTree = "<group>"; };
/* End PBXFileReference section */

/* Begin PBXFrameworksBuildPhase section */
		346A17A92C3872A700B429FB /* Frameworks */ = {
			isa = PBXFrameworksBuildPhase;
			buildActionMask = 2147483647;
			files = (
			);
			runOnlyForDeploymentPostprocessing = 0;
		};
		346A17BC2C3872A800B429FB /* Frameworks */ = {
			isa = PBXFrameworksBuildPhase;
			buildActionMask = 2147483647;
			files = (
			);
			runOnlyForDeploymentPostprocessing = 0;
		};
		346A17C62C3872A800B429FB /* Frameworks */ = {
			isa = PBXFrameworksBuildPhase;
			buildActionMask = 2147483647;
			files = (
			);
			runOnlyForDeploymentPostprocessing = 0;
		};
/* End PBXFrameworksBuildPhase section */

/* Begin PBXGroup section */
		3427F6402CB2B1A200F28FB1 /* Views */ = {
			isa = PBXGroup;
			children = (
				343FAC1A2C3C5B14007A3C77 /* SystemsOverviewView.swift */,
				343FAC202C3C5FE9007A3C77 /* SystemSelectView.swift */,
				340AD9612C3B0EB800EBE31A /* DeviceOverviewView.swift */,
				9997F3AA67C7498C85563723 /* NoDeviceView.swift */,
				3427F63E2CB2B0BA00F28FB1 /* DeviceView.swift */,
				34B18CAA2CB2F539008D89B4 /* CoreListView.swift */,
				34A35B9C2CB45A41001EFEAB /* CoreListItemView.swift */,
				1F991FBC1C2D4B48A9DE1C3D /* CoreDetailView.swift */,
				3415FA012CB5B6CD00503072 /* GamesOverviewView.swift */,
				3415FA072CB5C21A00503072 /* GameOverviewWrapperView.swift */,
				AA001122334455667788AA03 /* MemoriesView.swift */,
				AA001122334455667788AA04 /* MemoriesOverviewWrapperView.swift */,
				0EC598F5703E4D10B4FC350B /* CatalogCoreRowView.swift */,
				16267CA7C3DA4F2BAA768BFA /* CoreManagerView.swift */,
				B49B480F1B61B68E62B7AD8E /* PlatformPickerView.swift */,
			);
			path = Views;
			sourceTree = "<group>";
		};
		346A17A32C3872A700B429FB = {
			isa = PBXGroup;
			children = (
				346A17AE2C3872A700B429FB /* Pocket */,
				346A17C22C3872A800B429FB /* PocketTests */,
				346A17CC2C3872A800B429FB /* PocketUITests */,
				346A17AD2C3872A700B429FB /* Products */,
			);
			sourceTree = "<group>";
		};
		346A17AD2C3872A700B429FB /* Products */ = {
			isa = PBXGroup;
			children = (
				346A17AC2C3872A700B429FB /* PocketLink.app */,
				346A17BF2C3872A800B429FB /* PocketLinkTests.xctest */,
				346A17C92C3872A800B429FB /* PocketLinkUITests.xctest */,
			);
			name = Products;
			sourceTree = "<group>";
		};
		346A17AE2C3872A700B429FB /* Pocket */ = {
			isa = PBXGroup;
			children = (
				34A35B992CB4587F001EFEAB /* Extensions */,
				3427F6402CB2B1A200F28FB1 /* Views */,
				7268F6D547D1469C96A831AC /* Services */,
				6C38FA209A08462A9960EC01 /* ViewModels */,
				346A17EA2C3880BA00B429FB /* Utils */,
				346A17AF2C3872A700B429FB /* PocketApp.swift */,
				346A17B12C3872A700B429FB /* ContentView.swift */,
				346A17B32C3872A700B429FB /* Item.swift */,
				346A17B52C3872A800B429FB /* Assets.xcassets */,
				346A17BA2C3872A800B429FB /* Pocket.entitlements */,
				346A17B72C3872A800B429FB /* Preview Content */,
				346A17DE2C38733900B429FB /* DeviceContext.swift */,
				860894A2871A4514B8FB3AE1 /* DeviceMonitor.swift */,
				346A17E22C387DDF00B429FB /* DeviceInfo.swift */,
				343FAC1E2C3C5DCC007A3C77 /* Platform.swift */,
				34B18CA82CB2F169008D89B4 /* CoreInfo.swift */,
				3415FA032CB5B6D800503072 /* Game.swift */,
				AA001122334455667788AA01 /* SaveState.swift */,
				44CFDC1A30EC40A6896DEF69 /* CoreManagerError.swift */,
				562EC903F5E348DDAB573FC9 /* CatalogCore.swift */,
				08B9AC81FF4F46E4B95D51C3 /* GitHubRelease.swift */,
				DDE1AB8023C742CD8BFE811C /* InstalledCore.swift */,
			);
			path = Pocket;
			sourceTree = "<group>";
		};
		346A17B72C3872A800B429FB /* Preview Content */ = {
			isa = PBXGroup;
			children = (
				346A17B82C3872A800B429FB /* Preview Assets.xcassets */,
			);
			path = "Preview Content";
			sourceTree = "<group>";
		};
		346A17C22C3872A800B429FB /* PocketTests */ = {
			isa = PBXGroup;
			children = (
				346A17C32C3872A800B429FB /* PocketTests.swift */,
				3A2B003E919F4F5A85D2EC18 /* CatalogCacheTests.swift */,
				956B8744DB5247EE989212C9 /* VersionComparisonTests.swift */,
				D1899F5C88574D5FA6679A90 /* CoreManagerViewModelTests.swift */,
				554FDB058CD744BFA43D9259 /* CoreRemovalTests.swift */,
				B7616147D7C2AA37656AF92C /* ROMTransferServiceTests.swift */,
			);
			path = PocketTests;
			sourceTree = "<group>";
		};
		346A17CC2C3872A800B429FB /* PocketUITests */ = {
			isa = PBXGroup;
			children = (
				346A17CD2C3872A800B429FB /* PocketUITests.swift */,
				346A17CF2C3872A800B429FB /* PocketUITestsLaunchTests.swift */,
			);
			path = PocketUITests;
			sourceTree = "<group>";
		};
		346A17EA2C3880BA00B429FB /* Utils */ = {
			isa = PBXGroup;
			children = (
				346A17E42C38807D00B429FB /* JsonReader.swift */,
				F724ED63D38740CC9C98B6DE /* VersionComparator.swift */,
				346A17E82C3880B200B429FB /* FilesystemUtils.swift */,
				346A17E62C38809100B429FB /* DeviceUtils.swift */,
			);
			path = Utils;
			sourceTree = "<group>";
		};
		34A35B992CB4587F001EFEAB /* Extensions */ = {
			isa = PBXGroup;
			children = (
				34A35B9A2CB45889001EFEAB /* StringExtensions.swift */,
				B67AD397814F446AA2F6A991 /* JSONDecoder+Pocket.swift */,
				34A35B9E2CB45B33001EFEAB /* DateExtensions.swift */,
			);
			path = Extensions;
			sourceTree = "<group>";
		};
		6C38FA209A08462A9960EC01 /* ViewModels */ = {
			isa = PBXGroup;
			children = (
				27729DB9E20C44F59A14D16F /* CoreDetailViewModel.swift */,
				6F1959463AC14A14BB8BBE48 /* CoreManagerViewModel.swift */,
			);
			path = ViewModels;
			sourceTree = "<group>";
		};
		7268F6D547D1469C96A831AC /* Services */ = {
			isa = PBXGroup;
			children = (
				C9B5F3BF01524BE09E10B328 /* GitHubService.swift */,
				9D748182B49B4D0FBEEC6819 /* NetworkService.swift */,
				A8E7BC6457410BE668DE0665 /* FirmwareService.swift */,
				69FA85D61E8F0BE0883E8FB4 /* ROMTransferService.swift */,
				AA001122334455667788AA02 /* MemoryService.swift */,
				8296F01E78BE4D2E9B48A6E5 /* CatalogFetcher.swift */,
				7F1B1EA9524E4E93AC58BF9A /* GitHubReleaseFetcher.swift */,
				22E7A9D2A4A44425B5C93208 /* CatalogCache.swift */,
				A3622A06DCB6467499F52EA4 /* CoreInstaller.swift */,
			);
			path = Services;
			sourceTree = "<group>";
		};
/* End PBXGroup section */

/* Begin PBXNativeTarget section */
		346A17AB2C3872A700B429FB /* PocketLink */ = {
			isa = PBXNativeTarget;
			buildConfigurationList = 346A17D32C3872A800B429FB /* Build configuration list for PBXNativeTarget "PocketLink" */;
			buildPhases = (
				346A17A82C3872A700B429FB /* Sources */,
				346A17A92C3872A700B429FB /* Frameworks */,
				346A17AA2C3872A700B429FB /* Resources */,
			);
			buildRules = (
			);
			dependencies = (
			);
			name = PocketLink;
			productName = Pocket;
			productReference = 346A17AC2C3872A700B429FB /* PocketLink.app */;
			productType = "com.apple.product-type.application";
		};
		346A17BE2C3872A800B429FB /* PocketLinkTests */ = {
			isa = PBXNativeTarget;
			buildConfigurationList = 346A17D62C3872A800B429FB /* Build configuration list for PBXNativeTarget "PocketLinkTests" */;
			buildPhases = (
				346A17BB2C3872A800B429FB /* Sources */,
				346A17BC2C3872A800B429FB /* Frameworks */,
				346A17BD2C3872A800B429FB /* Resources */,
			);
			buildRules = (
			);
			dependencies = (
				346A17C12C3872A800B429FB /* PBXTargetDependency */,
			);
			name = PocketLinkTests;
			productName = PocketTests;
			productReference = 346A17BF2C3872A800B429FB /* PocketLinkTests.xctest */;
			productType = "com.apple.product-type.bundle.unit-test";
		};
		346A17C82C3872A800B429FB /* PocketLinkUITests */ = {
			isa = PBXNativeTarget;
			buildConfigurationList = 346A17D92C3872A800B429FB /* Build configuration list for PBXNativeTarget "PocketLinkUITests" */;
			buildPhases = (
				346A17C52C3872A800B429FB /* Sources */,
				346A17C62C3872A800B429FB /* Frameworks */,
				346A17C72C3872A800B429FB /* Resources */,
			);
			buildRules = (
			);
			dependencies = (
				346A17CB2C3872A800B429FB /* PBXTargetDependency */,
			);
			name = PocketLinkUITests;
			productName = PocketUITests;
			productReference = 346A17C92C3872A800B429FB /* PocketLinkUITests.xctest */;
			productType = "com.apple.product-type.bundle.ui-testing";
		};
/* End PBXNativeTarget section */

/* Begin PBXProject section */
		346A17A42C3872A700B429FB /* Project object */ = {
			isa = PBXProject;
			attributes = {
				BuildIndependentTargetsInParallel = 1;
				LastSwiftUpdateCheck = 1540;
				LastUpgradeCheck = 1540;
				TargetAttributes = {
					346A17AB2C3872A700B429FB = {
						CreatedOnToolsVersion = 15.4;
					};
					346A17BE2C3872A800B429FB = {
						CreatedOnToolsVersion = 15.4;
						TestTargetID = 346A17AB2C3872A700B429FB;
					};
					346A17C82C3872A800B429FB = {
						CreatedOnToolsVersion = 15.4;
						TestTargetID = 346A17AB2C3872A700B429FB;
					};
				};
			};
			buildConfigurationList = 346A17A72C3872A700B429FB /* Build configuration list for PBXProject "PocketLink" */;
			compatibilityVersion = "Xcode 14.0";
			developmentRegion = en;
			hasScannedForEncodings = 0;
			knownRegions = (
				en,
				Base,
			);
			mainGroup = 346A17A32C3872A700B429FB;
			productRefGroup = 346A17AD2C3872A700B429FB /* Products */;
			projectDirPath = "";
			projectRoot = "";
			targets = (
				346A17AB2C3872A700B429FB /* PocketLink */,
				346A17BE2C3872A800B429FB /* PocketLinkTests */,
				346A17C82C3872A800B429FB /* PocketLinkUITests */,
			);
		};
/* End PBXProject section */

/* Begin PBXResourcesBuildPhase section */
		346A17AA2C3872A700B429FB /* Resources */ = {
			isa = PBXResourcesBuildPhase;
			buildActionMask = 2147483647;
			files = (
				346A17B92C3872A800B429FB /* Preview Assets.xcassets in Resources */,
				346A17B62C3872A800B429FB /* Assets.xcassets in Resources */,
			);
			runOnlyForDeploymentPostprocessing = 0;
		};
		346A17BD2C3872A800B429FB /* Resources */ = {
			isa = PBXResourcesBuildPhase;
			buildActionMask = 2147483647;
			files = (
			);
			runOnlyForDeploymentPostprocessing = 0;
		};
		346A17C72C3872A800B429FB /* Resources */ = {
			isa = PBXResourcesBuildPhase;
			buildActionMask = 2147483647;
			files = (
			);
			runOnlyForDeploymentPostprocessing = 0;
		};
/* End PBXResourcesBuildPhase section */

/* Begin PBXSourcesBuildPhase section */
		346A17A82C3872A700B429FB /* Sources */ = {
			isa = PBXSourcesBuildPhase;
			buildActionMask = 2147483647;
			files = (
				343FAC212C3C5FE9007A3C77 /* SystemSelectView.swift in Sources */,
				346A17E52C38807D00B429FB /* JsonReader.swift in Sources */,
				9EA5B50A19624203976BE618 /* VersionComparator.swift in Sources */,
				340AD9622C3B0EB800EBE31A /* DeviceOverviewView.swift in Sources */,
				5CC1255084934EA69172D4B4 /* NoDeviceView.swift in Sources */,
				5F37A2A5020A4408A8F1B28A /* DeviceMonitor.swift in Sources */,
				343FAC1F2C3C5DCC007A3C77 /* Platform.swift in Sources */,
				346A17E32C387DDF00B429FB /* DeviceInfo.swift in Sources */,
				34A35B9F2CB45B33001EFEAB /* DateExtensions.swift in Sources */,
				343FAC1B2C3C5B14007A3C77 /* SystemsOverviewView.swift in Sources */,
				346A17B22C3872A700B429FB /* ContentView.swift in Sources */,
				346A17B42C3872A700B429FB /* Item.swift in Sources */,
				346A17E72C38809100B429FB /* DeviceUtils.swift in Sources */,
				3427F63F2CB2B0BA00F28FB1 /* DeviceView.swift in Sources */,
				346A17B02C3872A700B429FB /* PocketApp.swift in Sources */,
				3415FA082CB5C21A00503072 /* GameOverviewWrapperView.swift in Sources */,
				34A35B9D2CB45A41001EFEAB /* CoreListItemView.swift in Sources */,
				346A17DF2C38733900B429FB /* DeviceContext.swift in Sources */,
				34B18CAB2CB2F539008D89B4 /* CoreListView.swift in Sources */,
				3415FA042CB5B6D800503072 /* Game.swift in Sources */,
				346A17E92C3880B200B429FB /* FilesystemUtils.swift in Sources */,
				3415FA022CB5B6CD00503072 /* GamesOverviewView.swift in Sources */,
				34B18CA92CB2F169008D89B4 /* CoreInfo.swift in Sources */,
				34A35B9B2CB45889001EFEAB /* StringExtensions.swift in Sources */,
				1BA1258D756A4259B64F02CE /* JSONDecoder+Pocket.swift in Sources */,
				3121FCA9965D4AD4BE4C0C6D /* GitHubService.swift in Sources */,
				556B35E191C44068BC03468C /* CoreDetailViewModel.swift in Sources */,
				5939607E69724ADF8C449ED2 /* CoreDetailView.swift in Sources */,
				60EC87FB1D174CACBD7FCB5A /* CoreManagerError.swift in Sources */,
				91697089309544228F265FB1 /* CatalogCore.swift in Sources */,
				9BF7E2B1DCF044908D00D766 /* GitHubRelease.swift in Sources */,
				0B935C8AC16C4F618BB3E0E9 /* InstalledCore.swift in Sources */,
				8D437AA96C72454595131281 /* NetworkService.swift in Sources */,
				FC5648C96C3805141BEC4F11 /* FirmwareService.swift in Sources */,
				4E08410E3C71FB20BD2D15F9 /* ROMTransferService.swift in Sources */,
				A27EBC3B5B16CC65C8535E12 /* PlatformPickerView.swift in Sources */,
				837A6DF8587C4117A5167C5F /* CatalogFetcher.swift in Sources */,
				CE3B4B5BE2E14AC4814E1DB4 /* GitHubReleaseFetcher.swift in Sources */,
				70318342CC9043FB9206F932 /* CatalogCache.swift in Sources */,
				94E20DEF28CA4F158729302A /* CoreInstaller.swift in Sources */,
				ED56B67FDFFA4FB69F45A290 /* CoreManagerViewModel.swift in Sources */,
				3187C7B222844D5598046106 /* CatalogCoreRowView.swift in Sources */,
				4AF208A6071748289A7C6F8B /* CoreManagerView.swift in Sources */,
				AA001122334455667788BB01 /* SaveState.swift in Sources */,
				AA001122334455667788BB02 /* MemoryService.swift in Sources */,
				AA001122334455667788BB03 /* MemoriesView.swift in Sources */,
				AA001122334455667788BB04 /* MemoriesOverviewWrapperView.swift in Sources */,
			);
			runOnlyForDeploymentPostprocessing = 0;
		};
		346A17BB2C3872A800B429FB /* Sources */ = {
			isa = PBXSourcesBuildPhase;
			buildActionMask = 2147483647;
			files = (
				346A17C42C3872A800B429FB /* PocketTests.swift in Sources */,
				CE991F87768A41BD88D7B75E /* CatalogCacheTests.swift in Sources */,
				867AD99AE4504E189962ECD3 /* VersionComparisonTests.swift in Sources */,
				191247D5CD7B431597F7226F /* CoreManagerViewModelTests.swift in Sources */,
				A0E5193E9A2D45EAB24FC343 /* CoreRemovalTests.swift in Sources */,
				A53EE80DDF4BFA894B131662 /* ROMTransferServiceTests.swift in Sources */,
			);
			runOnlyForDeploymentPostprocessing = 0;
		};
		346A17C52C3872A800B429FB /* Sources */ = {
			isa = PBXSourcesBuildPhase;
			buildActionMask = 2147483647;
			files = (
				346A17D02C3872A800B429FB /* PocketUITestsLaunchTests.swift in Sources */,
				346A17CE2C3872A800B429FB /* PocketUITests.swift in Sources */,
			);
			runOnlyForDeploymentPostprocessing = 0;
		};
/* End PBXSourcesBuildPhase section */

/* Begin PBXTargetDependency section */
		346A17C12C3872A800B429FB /* PBXTargetDependency */ = {
			isa = PBXTargetDependency;
			target = 346A17AB2C3872A700B429FB /* PocketLink */;
			targetProxy = 346A17C02C3872A800B429FB /* PBXContainerItemProxy */;
		};
		346A17CB2C3872A800B429FB /* PBXTargetDependency */ = {
			isa = PBXTargetDependency;
			target = 346A17AB2C3872A700B429FB /* PocketLink */;
			targetProxy = 346A17CA2C3872A800B429FB /* PBXContainerItemProxy */;
		};
/* End PBXTargetDependency section */

/* Begin XCBuildConfiguration section */
		346A17D12C3872A800B429FB /* Debug */ = {
			isa = XCBuildConfiguration;
			buildSettings = {
				ALWAYS_SEARCH_USER_PATHS = NO;
				ASSETCATALOG_COMPILER_GENERATE_SWIFT_ASSET_SYMBOL_EXTENSIONS = YES;
				CLANG_ANALYZER_NONNULL = YES;
				CLANG_ANALYZER_NUMBER_OBJECT_CONVERSION = YES_AGGRESSIVE;
				CLANG_CXX_LANGUAGE_STANDARD = "gnu++20";
				CLANG_ENABLE_MODULES = YES;
				CLANG_ENABLE_OBJC_ARC = YES;
				CLANG_ENABLE_OBJC_WEAK = YES;
				CLANG_WARN_BLOCK_CAPTURE_AUTORELEASING = YES;
				CLANG_WARN_BOOL_CONVERSION = YES;
				CLANG_WARN_COMMA = YES;
				CLANG_WARN_CONSTANT_CONVERSION = YES;
				CLANG_WARN_DEPRECATED_OBJC_IMPLEMENTATIONS = YES;
				CLANG_WARN_DIRECT_OBJC_ISA_USAGE = YES_ERROR;
				CLANG_WARN_DOCUMENTATION_COMMENTS = YES;
				CLANG_WARN_EMPTY_BODY = YES;
				CLANG_WARN_ENUM_CONVERSION = YES;
				CLANG_WARN_INFINITE_RECURSION = YES;
				CLANG_WARN_INT_CONVERSION = YES;
				CLANG_WARN_NON_LITERAL_NULL_CONVERSION = YES;
				CLANG_WARN_OBJC_IMPLICIT_RETAIN_SELF = YES;
				CLANG_WARN_OBJC_LITERAL_CONVERSION = YES;
				CLANG_WARN_OBJC_ROOT_CLASS = YES_ERROR;
				CLANG_WARN_QUOTED_INCLUDE_IN_FRAMEWORK_HEADER = YES;
				CLANG_WARN_RANGE_LOOP_ANALYSIS = YES;
				CLANG_WARN_STRICT_PROTOTYPES = YES;
				CLANG_WARN_SUSPICIOUS_MOVE = YES;
				CLANG_WARN_UNGUARDED_AVAILABILITY = YES_AGGRESSIVE;
				CLANG_WARN_UNREACHABLE_CODE = YES;
				CLANG_WARN__DUPLICATE_METHOD_MATCH = YES;
				COPY_PHASE_STRIP = NO;
				DEBUG_INFORMATION_FORMAT = dwarf;
				ENABLE_STRICT_OBJC_MSGSEND = YES;
				ENABLE_TESTABILITY = YES;
				ENABLE_USER_SCRIPT_SANDBOXING = YES;
				GCC_C_LANGUAGE_STANDARD = gnu17;
				GCC_DYNAMIC_NO_PIC = NO;
				GCC_NO_COMMON_BLOCKS = YES;
				GCC_OPTIMIZATION_LEVEL = 0;
				GCC_PREPROCESSOR_DEFINITIONS = (
					"DEBUG=1",
					"$(inherited)",
				);
				GCC_WARN_64_TO_32_BIT_CONVERSION = YES;
				GCC_WARN_ABOUT_RETURN_TYPE = YES_ERROR;
				GCC_WARN_UNDECLARED_SELECTOR = YES;
				GCC_WARN_UNINITIALIZED_AUTOS = YES_AGGRESSIVE;
				GCC_WARN_UNUSED_FUNCTION = YES;
				GCC_WARN_UNUSED_VARIABLE = YES;
				LOCALIZATION_PREFERS_STRING_CATALOGS = YES;
				MACOSX_DEPLOYMENT_TARGET = 14.2;
				MTL_ENABLE_DEBUG_INFO = INCLUDE_SOURCE;
				MTL_FAST_MATH = YES;
				ONLY_ACTIVE_ARCH = YES;
				SDKROOT = macosx;
				SWIFT_ACTIVE_COMPILATION_CONDITIONS = "DEBUG $(inherited)";
				SWIFT_OPTIMIZATION_LEVEL = "-Onone";
			};
			name = Debug;
		};
		346A17D22C3872A800B429FB /* Release */ = {
			isa = XCBuildConfiguration;
			buildSettings = {
				ALWAYS_SEARCH_USER_PATHS = NO;
				ASSETCATALOG_COMPILER_GENERATE_SWIFT_ASSET_SYMBOL_EXTENSIONS = YES;
				CLANG_ANALYZER_NONNULL = YES;
				CLANG_ANALYZER_NUMBER_OBJECT_CONVERSION = YES_AGGRESSIVE;
				CLANG_CXX_LANGUAGE_STANDARD = "gnu++20";
				CLANG_ENABLE_MODULES = YES;
				CLANG_ENABLE_OBJC_ARC = YES;
				CLANG_ENABLE_OBJC_WEAK = YES;
				CLANG_WARN_BLOCK_CAPTURE_AUTORELEASING = YES;
				CLANG_WARN_BOOL_CONVERSION = YES;
				CLANG_WARN_COMMA = YES;
				CLANG_WARN_CONSTANT_CONVERSION = YES;
				CLANG_WARN_DEPRECATED_OBJC_IMPLEMENTATIONS = YES;
				CLANG_WARN_DIRECT_OBJC_ISA_USAGE = YES_ERROR;
				CLANG_WARN_DOCUMENTATION_COMMENTS = YES;
				CLANG_WARN_EMPTY_BODY = YES;
				CLANG_WARN_ENUM_CONVERSION = YES;
				CLANG_WARN_INFINITE_RECURSION = YES;
				CLANG_WARN_INT_CONVERSION = YES;
				CLANG_WARN_NON_LITERAL_NULL_CONVERSION = YES;
				CLANG_WARN_OBJC_IMPLICIT_RETAIN_SELF = YES;
				CLANG_WARN_OBJC_LITERAL_CONVERSION = YES;
				CLANG_WARN_OBJC_ROOT_CLASS = YES_ERROR;
				CLANG_WARN_QUOTED_INCLUDE_IN_FRAMEWORK_HEADER = YES;
				CLANG_WARN_RANGE_LOOP_ANALYSIS = YES;
				CLANG_WARN_STRICT_PROTOTYPES = YES;
				CLANG_WARN_SUSPICIOUS_MOVE = YES;
				CLANG_WARN_UNGUARDED_AVAILABILITY = YES_AGGRESSIVE;
				CLANG_WARN_UNREACHABLE_CODE = YES;
				CLANG_WARN__DUPLICATE_METHOD_MATCH = YES;
				COPY_PHASE_STRIP = NO;
				DEBUG_INFORMATION_FORMAT = "dwarf-with-dsym";
				ENABLE_NS_ASSERTIONS = NO;
				ENABLE_STRICT_OBJC_MSGSEND = YES;
				ENABLE_USER_SCRIPT_SANDBOXING = YES;
				GCC_C_LANGUAGE_STANDARD = gnu17;
				GCC_NO_COMMON_BLOCKS = YES;
				GCC_WARN_64_TO_32_BIT_CONVERSION = YES;
				GCC_WARN_ABOUT_RETURN_TYPE = YES_ERROR;
				GCC_WARN_UNDECLARED_SELECTOR = YES;
				GCC_WARN_UNINITIALIZED_AUTOS = YES_AGGRESSIVE;
				GCC_WARN_UNUSED_FUNCTION = YES;
				GCC_WARN_UNUSED_VARIABLE = YES;
				LOCALIZATION_PREFERS_STRING_CATALOGS = YES;
				MACOSX_DEPLOYMENT_TARGET = 14.2;
				MTL_ENABLE_DEBUG_INFO = NO;
				MTL_FAST_MATH = YES;
				SDKROOT = macosx;
				SWIFT_COMPILATION_MODE = wholemodule;
			};
			name = Release;
		};
		346A17D42C3872A800B429FB /* Debug */ = {
			isa = XCBuildConfiguration;
			buildSettings = {
				ASSETCATALOG_COMPILER_APPICON_NAME = AppIcon;
				ASSETCATALOG_COMPILER_GLOBAL_ACCENT_COLOR_NAME = AccentColor;
				ASSETCATALOG_COMPILER_INCLUDE_ALL_APPICON_ASSETS = YES;
				CODE_SIGN_ENTITLEMENTS = Pocket/Pocket.entitlements;
				CODE_SIGN_STYLE = Automatic;
				COMBINE_HIDPI_IMAGES = YES;
				CURRENT_PROJECT_VERSION = 1;
				DEVELOPMENT_ASSET_PATHS = "\"Pocket/Preview Content\"";
				DEVELOPMENT_TEAM = 2A9A3QQ6WC;
				ENABLE_HARDENED_RUNTIME = YES;
				ENABLE_PREVIEWS = YES;
				GENERATE_INFOPLIST_FILE = YES;
				INFOPLIST_KEY_CFBundleDisplayName = PocketLink;
				INFOPLIST_KEY_LSApplicationCategoryType = "public.app-category.utilities";
				INFOPLIST_KEY_NSHumanReadableCopyright = "";
				LD_RUNPATH_SEARCH_PATHS = (
					"$(inherited)",
					"@executable_path/../Frameworks",
				);
				MACOSX_DEPLOYMENT_TARGET = 14.0;
				MARKETING_VERSION = 1.1;
				PRODUCT_BUNDLE_IDENTIFIER = jjh.Pocket;
				PRODUCT_NAME = "$(TARGET_NAME)";
				SWIFT_EMIT_LOC_STRINGS = YES;
				SWIFT_VERSION = 5.0;
			};
			name = Debug;
		};
		346A17D52C3872A800B429FB /* Release */ = {
			isa = XCBuildConfiguration;
			buildSettings = {
				ASSETCATALOG_COMPILER_APPICON_NAME = AppIcon;
				ASSETCATALOG_COMPILER_GLOBAL_ACCENT_COLOR_NAME = AccentColor;
				ASSETCATALOG_COMPILER_INCLUDE_ALL_APPICON_ASSETS = YES;
				CODE_SIGN_ENTITLEMENTS = Pocket/Pocket.entitlements;
				CODE_SIGN_STYLE = Automatic;
				COMBINE_HIDPI_IMAGES = YES;
				CURRENT_PROJECT_VERSION = 1;
				DEVELOPMENT_ASSET_PATHS = "\"Pocket/Preview Content\"";
				DEVELOPMENT_TEAM = 2A9A3QQ6WC;
				ENABLE_HARDENED_RUNTIME = YES;
				ENABLE_PREVIEWS = YES;
				GENERATE_INFOPLIST_FILE = YES;
				INFOPLIST_KEY_CFBundleDisplayName = PocketLink;
				INFOPLIST_KEY_LSApplicationCategoryType = "public.app-category.utilities";
				INFOPLIST_KEY_NSHumanReadableCopyright = "";
				LD_RUNPATH_SEARCH_PATHS = (
					"$(inherited)",
					"@executable_path/../Frameworks",
				);
				MACOSX_DEPLOYMENT_TARGET = 14.0;
				MARKETING_VERSION = 1.1;
				PRODUCT_BUNDLE_IDENTIFIER = jjh.Pocket;
				PRODUCT_NAME = "$(TARGET_NAME)";
				SWIFT_EMIT_LOC_STRINGS = YES;
				SWIFT_VERSION = 5.0;
			};
			name = Release;
		};
		346A17D72C3872A800B429FB /* Debug */ = {
			isa = XCBuildConfiguration;
			buildSettings = {
				ALWAYS_EMBED_SWIFT_STANDARD_LIBRARIES = YES;
				BUNDLE_LOADER = "$(TEST_HOST)";
				CODE_SIGN_STYLE = Automatic;
				CURRENT_PROJECT_VERSION = 1;
				DEVELOPMENT_TEAM = 2A9A3QQ6WC;
				GENERATE_INFOPLIST_FILE = YES;
				MACOSX_DEPLOYMENT_TARGET = 14.0;
				MARKETING_VERSION = 1.0;
				PRODUCT_BUNDLE_IDENTIFIER = jjh.PocketTests;
				PRODUCT_NAME = "$(TARGET_NAME)";
				SWIFT_EMIT_LOC_STRINGS = NO;
				SWIFT_VERSION = 5.0;
				TEST_HOST = "$(BUILT_PRODUCTS_DIR)/PocketLink.app/$(BUNDLE_EXECUTABLE_FOLDER_PATH)/PocketLink";
			};
			name = Debug;
		};
		346A17D82C3872A800B429FB /* Release */ = {
			isa = XCBuildConfiguration;
			buildSettings = {
				ALWAYS_EMBED_SWIFT_STANDARD_LIBRARIES = YES;
				BUNDLE_LOADER = "$(TEST_HOST)";
				CODE_SIGN_STYLE = Automatic;
				CURRENT_PROJECT_VERSION = 1;
				DEVELOPMENT_TEAM = 2A9A3QQ6WC;
				GENERATE_INFOPLIST_FILE = YES;
				MACOSX_DEPLOYMENT_TARGET = 14.0;
				MARKETING_VERSION = 1.0;
				PRODUCT_BUNDLE_IDENTIFIER = jjh.PocketTests;
				PRODUCT_NAME = "$(TARGET_NAME)";
				SWIFT_EMIT_LOC_STRINGS = NO;
				SWIFT_VERSION = 5.0;
				TEST_HOST = "$(BUILT_PRODUCTS_DIR)/PocketLink.app/$(BUNDLE_EXECUTABLE_FOLDER_PATH)/PocketLink";
			};
			name = Release;
		};
		346A17DA2C3872A800B429FB /* Debug */ = {
			isa = XCBuildConfiguration;
			buildSettings = {
				ALWAYS_EMBED_SWIFT_STANDARD_LIBRARIES = YES;
				CODE_SIGN_STYLE = Automatic;
				CURRENT_PROJECT_VERSION = 1;
				DEVELOPMENT_TEAM = 2A9A3QQ6WC;
				GENERATE_INFOPLIST_FILE = YES;
				MARKETING_VERSION = 1.0;
				PRODUCT_BUNDLE_IDENTIFIER = jjh.PocketUITests;
				PRODUCT_NAME = "$(TARGET_NAME)";
				SWIFT_EMIT_LOC_STRINGS = NO;
				SWIFT_VERSION = 5.0;
				TEST_TARGET_NAME = Pocket;
			};
			name = Debug;
		};
		346A17DB2C3872A800B429FB /* Release */ = {
			isa = XCBuildConfiguration;
			buildSettings = {
				ALWAYS_EMBED_SWIFT_STANDARD_LIBRARIES = YES;
				CODE_SIGN_STYLE = Automatic;
				CURRENT_PROJECT_VERSION = 1;
				DEVELOPMENT_TEAM = 2A9A3QQ6WC;
				GENERATE_INFOPLIST_FILE = YES;
				MARKETING_VERSION = 1.0;
				PRODUCT_BUNDLE_IDENTIFIER = jjh.PocketUITests;
				PRODUCT_NAME = "$(TARGET_NAME)";
				SWIFT_EMIT_LOC_STRINGS = NO;
				SWIFT_VERSION = 5.0;
				TEST_TARGET_NAME = Pocket;
			};
			name = Release;
		};
/* End XCBuildConfiguration section */

/* Begin XCConfigurationList section */
		346A17A72C3872A700B429FB /* Build configuration list for PBXProject "PocketLink" */ = {
			isa = XCConfigurationList;
			buildConfigurations = (
				346A17D12C3872A800B429FB /* Debug */,
				346A17D22C3872A800B429FB /* Release */,
			);
			defaultConfigurationIsVisible = 0;
			defaultConfigurationName = Release;
		};
		346A17D32C3872A800B429FB /* Build configuration list for PBXNativeTarget "PocketLink" */ = {
			isa = XCConfigurationList;
			buildConfigurations = (
				346A17D42C3872A800B429FB /* Debug */,
				346A17D52C3872A800B429FB /* Release */,
			);
			defaultConfigurationIsVisible = 0;
			defaultConfigurationName = Release;
		};
		346A17D62C3872A800B429FB /* Build configuration list for PBXNativeTarget "PocketLinkTests" */ = {
			isa = XCConfigurationList;
			buildConfigurations = (
				346A17D72C3872A800B429FB /* Debug */,
				346A17D82C3872A800B429FB /* Release */,
			);
			defaultConfigurationIsVisible = 0;
			defaultConfigurationName = Release;
		};
		346A17D92C3872A800B429FB /* Build configuration list for PBXNativeTarget "PocketLinkUITests" */ = {
			isa = XCConfigurationList;
			buildConfigurations = (
				346A17DA2C3872A800B429FB /* Debug */,
				346A17DB2C3872A800B429FB /* Release */,
			);
			defaultConfigurationIsVisible = 0;
			defaultConfigurationName = Release;
		};
/* End XCConfigurationList section */
	};
	rootObject = 346A17A42C3872A700B429FB /* Project object */;
}
